
Microsoft Visual Studio Solution File, Format Version 12.00
# Visual Studio Version 16
VisualStudioVersion = 16.0.31424.327
MinimumVisualStudioVersion = 10.0.40219.1
Project("{888888A0-9F3D-457C-B088-3A5042F75D52}") = "ai_project_1", "ai_project_1\ai_project_1.pyproj", "{10B5A178-FFBA-4C36-A623-F2DA86950A06}"
EndProject
Global
	GlobalSection(SolutionConfigurationPlatforms) = preSolution
		Debug|Any CPU = Debug|Any CPU
		Release|Any CPU = Release|Any CPU
	EndGlobalSection
	GlobalSection(ProjectConfigurationPlatforms) = postSolution
		{10B5A178-FFBA-4C36-A623-F2DA86950A06}.Debug|Any CPU.ActiveCfg = Debug|Any CPU
		{10B5A178-FFBA-4C36-A623-F2DA86950A06}.Release|Any CPU.ActiveCfg = Release|Any CPU
	EndGlobalSection
	GlobalSection(SolutionProperties) = preSolution
		HideSolutionNode = FALSE
	EndGlobalSection
	GlobalSection(ExtensibilityGlobals) = postSolution
		SolutionGuid = {06809671-C368-43A8-8555-436558ED2CEC}
	EndGlobalSection
EndGlobal
